
Microsoft Visual Studio Solution File, Format Version 12.00
# Visual Studio Version 16
VisualStudioVersion = 16.0.30330.147
MinimumVisualStudioVersion = 10.0.40219.1
Project("{FAE04EC0-301F-11D3-BF4B-00C04F79EFBC}") = "A131_BasicControls", "A131_BasicControls\A131_BasicControls.csproj", "{6DDB4409-064E-4773-A92D-A5DE15DBEBC2}"
EndProject
Global
	GlobalSection(SolutionConfigurationPlatforms) = preSolution
		Debug|Any CPU = Debug|Any CPU
		Release|Any CPU = Release|Any CPU
	EndGlobalSection
	GlobalSection(ProjectConfigurationPlatforms) = postSolution
		{6DDB4409-064E-4773-A92D-A5DE15DBEBC2}.Debug|Any CPU.ActiveCfg = Debug|Any CPU
		{6DDB4409-064E-4773-A92D-A5DE15DBEBC2}.Debug|Any CPU.Build.0 = Debug|Any CPU
		{6DDB4409-064E-4773-A92D-A5DE15DBEBC2}.Release|Any CPU.ActiveCfg = Release|Any CPU
		{6DDB4409-064E-4773-A92D-A5DE15DBEBC2}.Release|Any CPU.Build.0 = Release|Any CPU
	EndGlobalSection
	GlobalSection(SolutionProperties) = preSolution
		HideSolutionNode = FALSE
	EndGlobalSection
	GlobalSection(ExtensibilityGlobals) = postSolution
		SolutionGuid = {087C2776-7F6F-4F46-ABEA-B0703782AB3A}
	EndGlobalSection
EndGlobal
