
Microsoft Visual Studio Solution File, Format Version 12.00
# Visual Studio Version 16
VisualStudioVersion = 16.0.30330.147
MinimumVisualStudioVersion = 10.0.40219.1
Project("{FAE04EC0-301F-11D3-BF4B-00C04F79EFBC}") = "A129_FormClass", "A129_FormClass\A129_FormClass.csproj", "{2EB223B2-4885-4E43-9DB8-9EBB7B66D778}"
EndProject
Global
	GlobalSection(SolutionConfigurationPlatforms) = preSolution
		Debug|Any CPU = Debug|Any CPU
		Release|Any CPU = Release|Any CPU
	EndGlobalSection
	GlobalSection(ProjectConfigurationPlatforms) = postSolution
		{2EB223B2-4885-4E43-9DB8-9EBB7B66D778}.Debug|Any CPU.ActiveCfg = Debug|Any CPU
		{2EB223B2-4885-4E43-9DB8-9EBB7B66D778}.Debug|Any CPU.Build.0 = Debug|Any CPU
		{2EB223B2-4885-4E43-9DB8-9EBB7B66D778}.Release|Any CPU.ActiveCfg = Release|Any CPU
		{2EB223B2-4885-4E43-9DB8-9EBB7B66D778}.Release|Any CPU.Build.0 = Release|Any CPU
	EndGlobalSection
	GlobalSection(SolutionProperties) = preSolution
		HideSolutionNode = FALSE
	EndGlobalSection
	GlobalSection(ExtensibilityGlobals) = postSolution
		SolutionGuid = {5A86AEBF-E1AF-461D-884A-598A02147DEA}
	EndGlobalSection
EndGlobal
