
Microsoft Visual Studio Solution File, Format Version 12.00
# Visual Studio Version 16
VisualStudioVersion = 16.0.30413.136
MinimumVisualStudioVersion = 10.0.40219.1
Project("{FAE04EC0-301F-11D3-BF4B-00C04F79EFBC}") = "A176_MatchingGame", "A176_MatchingGame\A176_MatchingGame.csproj", "{8F0FFBCD-2CE0-42FA-B804-983705D54865}"
EndProject
Global
	GlobalSection(SolutionConfigurationPlatforms) = preSolution
		Debug|Any CPU = Debug|Any CPU
		Release|Any CPU = Release|Any CPU
	EndGlobalSection
	GlobalSection(ProjectConfigurationPlatforms) = postSolution
		{8F0FFBCD-2CE0-42FA-B804-983705D54865}.Debug|Any CPU.ActiveCfg = Debug|Any CPU
		{8F0FFBCD-2CE0-42FA-B804-983705D54865}.Debug|Any CPU.Build.0 = Debug|Any CPU
		{8F0FFBCD-2CE0-42FA-B804-983705D54865}.Release|Any CPU.ActiveCfg = Release|Any CPU
		{8F0FFBCD-2CE0-42FA-B804-983705D54865}.Release|Any CPU.Build.0 = Release|Any CPU
	EndGlobalSection
	GlobalSection(SolutionProperties) = preSolution
		HideSolutionNode = FALSE
	EndGlobalSection
	GlobalSection(ExtensibilityGlobals) = postSolution
		SolutionGuid = {E7566415-CBC2-4336-BD07-5757AE157F88}
	EndGlobalSection
EndGlobal
