
Microsoft Visual Studio Solution File, Format Version 12.00
# Visual Studio Version 16
VisualStudioVersion = 16.0.30330.147
MinimumVisualStudioVersion = 10.0.40219.1
Project("{FAE04EC0-301F-11D3-BF4B-00C04F79EFBC}") = "A064_BubbleSort", "A064_BubbleSort\A064_BubbleSort.csproj", "{16531DFF-16B5-4B25-91A8-4A26286914CA}"
EndProject
Global
	GlobalSection(SolutionConfigurationPlatforms) = preSolution
		Debug|Any CPU = Debug|Any CPU
		Release|Any CPU = Release|Any CPU
	EndGlobalSection
	GlobalSection(ProjectConfigurationPlatforms) = postSolution
		{16531DFF-16B5-4B25-91A8-4A26286914CA}.Debug|Any CPU.ActiveCfg = Debug|Any CPU
		{16531DFF-16B5-4B25-91A8-4A26286914CA}.Debug|Any CPU.Build.0 = Debug|Any CPU
		{16531DFF-16B5-4B25-91A8-4A26286914CA}.Release|Any CPU.ActiveCfg = Release|Any CPU
		{16531DFF-16B5-4B25-91A8-4A26286914CA}.Release|Any CPU.Build.0 = Release|Any CPU
	EndGlobalSection
	GlobalSection(SolutionProperties) = preSolution
		HideSolutionNode = FALSE
	EndGlobalSection
	GlobalSection(ExtensibilityGlobals) = postSolution
		SolutionGuid = {9BF74478-87A6-419C-96EA-E6B132EA11E0}
	EndGlobalSection
EndGlobal
