
Microsoft Visual Studio Solution File, Format Version 12.00
# Visual Studio Version 16
VisualStudioVersion = 16.0.30413.136
MinimumVisualStudioVersion = 10.0.40219.1
Project("{FAE04EC0-301F-11D3-BF4B-00C04F79EFBC}") = "A175_imageViewer", "A175_imageViewer\A175_imageViewer.csproj", "{F8ACE7C2-27D5-486A-A5B6-8520BB29B3BC}"
EndProject
Global
	GlobalSection(SolutionConfigurationPlatforms) = preSolution
		Debug|Any CPU = Debug|Any CPU
		Release|Any CPU = Release|Any CPU
	EndGlobalSection
	GlobalSection(ProjectConfigurationPlatforms) = postSolution
		{F8ACE7C2-27D5-486A-A5B6-8520BB29B3BC}.Debug|Any CPU.ActiveCfg = Debug|Any CPU
		{F8ACE7C2-27D5-486A-A5B6-8520BB29B3BC}.Debug|Any CPU.Build.0 = Debug|Any CPU
		{F8ACE7C2-27D5-486A-A5B6-8520BB29B3BC}.Release|Any CPU.ActiveCfg = Release|Any CPU
		{F8ACE7C2-27D5-486A-A5B6-8520BB29B3BC}.Release|Any CPU.Build.0 = Release|Any CPU
	EndGlobalSection
	GlobalSection(SolutionProperties) = preSolution
		HideSolutionNode = FALSE
	EndGlobalSection
	GlobalSection(ExtensibilityGlobals) = postSolution
		SolutionGuid = {509D733C-0984-4808-92A0-15B047DBE7F1}
	EndGlobalSection
EndGlobal
