
Microsoft Visual Studio Solution File, Format Version 12.00
# Visual Studio Version 16
VisualStudioVersion = 16.0.30330.147
MinimumVisualStudioVersion = 10.0.40219.1
Project("{FAE04EC0-301F-11D3-BF4B-00C04F79EFBC}") = "A055_PrimeNumbers", "A055_PrimeNumbers\A055_PrimeNumbers.csproj", "{DB87324B-4650-41FE-B20B-393D5C68C1E6}"
EndProject
Global
	GlobalSection(SolutionConfigurationPlatforms) = preSolution
		Debug|Any CPU = Debug|Any CPU
		Release|Any CPU = Release|Any CPU
	EndGlobalSection
	GlobalSection(ProjectConfigurationPlatforms) = postSolution
		{DB87324B-4650-41FE-B20B-393D5C68C1E6}.Debug|Any CPU.ActiveCfg = Debug|Any CPU
		{DB87324B-4650-41FE-B20B-393D5C68C1E6}.Debug|Any CPU.Build.0 = Debug|Any CPU
		{DB87324B-4650-41FE-B20B-393D5C68C1E6}.Release|Any CPU.ActiveCfg = Release|Any CPU
		{DB87324B-4650-41FE-B20B-393D5C68C1E6}.Release|Any CPU.Build.0 = Release|Any CPU
	EndGlobalSection
	GlobalSection(SolutionProperties) = preSolution
		HideSolutionNode = FALSE
	EndGlobalSection
	GlobalSection(ExtensibilityGlobals) = postSolution
		SolutionGuid = {B7EEE886-7E94-49DE-AA62-28C9DC878B66}
	EndGlobalSection
EndGlobal
