
Microsoft Visual Studio Solution File, Format Version 12.00
# Visual Studio Version 16
VisualStudioVersion = 16.0.30330.147
MinimumVisualStudioVersion = 10.0.40219.1
Project("{FAE04EC0-301F-11D3-BF4B-00C04F79EFBC}") = "A054_TimesTable", "A054_TimesTable\A054_TimesTable.csproj", "{0942EC3C-F2B7-4D24-A289-BF61C088AD75}"
EndProject
Global
	GlobalSection(SolutionConfigurationPlatforms) = preSolution
		Debug|Any CPU = Debug|Any CPU
		Release|Any CPU = Release|Any CPU
	EndGlobalSection
	GlobalSection(ProjectConfigurationPlatforms) = postSolution
		{0942EC3C-F2B7-4D24-A289-BF61C088AD75}.Debug|Any CPU.ActiveCfg = Debug|Any CPU
		{0942EC3C-F2B7-4D24-A289-BF61C088AD75}.Debug|Any CPU.Build.0 = Debug|Any CPU
		{0942EC3C-F2B7-4D24-A289-BF61C088AD75}.Release|Any CPU.ActiveCfg = Release|Any CPU
		{0942EC3C-F2B7-4D24-A289-BF61C088AD75}.Release|Any CPU.Build.0 = Release|Any CPU
	EndGlobalSection
	GlobalSection(SolutionProperties) = preSolution
		HideSolutionNode = FALSE
	EndGlobalSection
	GlobalSection(ExtensibilityGlobals) = postSolution
		SolutionGuid = {A92F434D-1E0E-4E48-9C46-273DBA7F57B7}
	EndGlobalSection
EndGlobal
