
Microsoft Visual Studio Solution File, Format Version 12.00
# Visual Studio Version 16
VisualStudioVersion = 16.0.30320.27
MinimumVisualStudioVersion = 10.0.40219.1
Project("{FAE04EC0-301F-11D3-BF4B-00C04F79EFBC}") = "A032_Enum", "A032_Enum\A032_Enum.csproj", "{77148B33-58E3-4D0D-8556-745852300F08}"
EndProject
Global
	GlobalSection(SolutionConfigurationPlatforms) = preSolution
		Debug|Any CPU = Debug|Any CPU
		Release|Any CPU = Release|Any CPU
	EndGlobalSection
	GlobalSection(ProjectConfigurationPlatforms) = postSolution
		{77148B33-58E3-4D0D-8556-745852300F08}.Debug|Any CPU.ActiveCfg = Debug|Any CPU
		{77148B33-58E3-4D0D-8556-745852300F08}.Debug|Any CPU.Build.0 = Debug|Any CPU
		{77148B33-58E3-4D0D-8556-745852300F08}.Release|Any CPU.ActiveCfg = Release|Any CPU
		{77148B33-58E3-4D0D-8556-745852300F08}.Release|Any CPU.Build.0 = Release|Any CPU
	EndGlobalSection
	GlobalSection(SolutionProperties) = preSolution
		HideSolutionNode = FALSE
	EndGlobalSection
	GlobalSection(ExtensibilityGlobals) = postSolution
		SolutionGuid = {8CB6C7E6-4D71-4BE6-B4E1-EDB72891C408}
	EndGlobalSection
EndGlobal
