
Microsoft Visual Studio Solution File, Format Version 12.00
# Visual Studio Version 16
VisualStudioVersion = 16.0.30330.147
MinimumVisualStudioVersion = 10.0.40219.1
Project("{FAE04EC0-301F-11D3-BF4B-00C04F79EFBC}") = "A060_ArraySorting", "A060_ArraySorting\A060_ArraySorting.csproj", "{53BD2788-2774-44B2-B5AD-AFEAEF6E2616}"
EndProject
Global
	GlobalSection(SolutionConfigurationPlatforms) = preSolution
		Debug|Any CPU = Debug|Any CPU
		Release|Any CPU = Release|Any CPU
	EndGlobalSection
	GlobalSection(ProjectConfigurationPlatforms) = postSolution
		{53BD2788-2774-44B2-B5AD-AFEAEF6E2616}.Debug|Any CPU.ActiveCfg = Debug|Any CPU
		{53BD2788-2774-44B2-B5AD-AFEAEF6E2616}.Debug|Any CPU.Build.0 = Debug|Any CPU
		{53BD2788-2774-44B2-B5AD-AFEAEF6E2616}.Release|Any CPU.ActiveCfg = Release|Any CPU
		{53BD2788-2774-44B2-B5AD-AFEAEF6E2616}.Release|Any CPU.Build.0 = Release|Any CPU
	EndGlobalSection
	GlobalSection(SolutionProperties) = preSolution
		HideSolutionNode = FALSE
	EndGlobalSection
	GlobalSection(ExtensibilityGlobals) = postSolution
		SolutionGuid = {ACF1B7E2-EDEA-422D-B2D8-A5884FC2AB59}
	EndGlobalSection
EndGlobal
